
Microsoft Visual Studio Solution File, Format Version 12.00
# Visual Studio 2012
Project("{2150E333-8FDC-42A3-9474-1A3956D46DE8}") = "Core", "Core", "{49678BD9-5D80-4CA7-A366-47B96EAE5383}"
EndProject
Project("{2150E333-8FDC-42A3-9474-1A3956D46DE8}") = "USO", "USO", "{F41388EC-AC6B-41B3-92C6-BE0E543B4A40}"
EndProject
Project("{2150E333-8FDC-42A3-9474-1A3956D46DE8}") = "USO.Web", "USO.Web", "{89E35167-03E5-4719-8D92-067B2E04CAAE}"
EndProject
Project("{FAE04EC0-301F-11D3-BF4B-00C04F79EFBC}") = "MvcExtensions", "MvcExtensions\MvcExtensions.csproj", "{36D776AA-6B96-4D33-B7B5-7F4A5376DD37}"
EndProject
Project("{FAE04EC0-301F-11D3-BF4B-00C04F79EFBC}") = "MvcExtensions.Unity", "MvcExtensions.Unity\MvcExtensions.Unity.csproj", "{B7371722-2ECB-4A55-A598-908BF42AF80D}"
EndProject
Project("{FAE04EC0-301F-11D3-BF4B-00C04F79EFBC}") = "USO.Core", "USO.Core\USO.Core.csproj", "{00E617BB-63D8-4B6C-8C23-41D9F35C55AE}"
EndProject
Project("{FAE04EC0-301F-11D3-BF4B-00C04F79EFBC}") = "USO.Domain", "USO.Domain\USO.Domain.csproj", "{C8D81E91-A01E-4A67-A1A7-FD785901516D}"
EndProject
Project("{FAE04EC0-301F-11D3-BF4B-00C04F79EFBC}") = "USO.Dto", "USO.Dto\USO.Dto.csproj", "{3D844397-9066-4E61-A1B3-5D3FEE61CB2C}"
EndProject
Project("{FAE04EC0-301F-11D3-BF4B-00C04F79EFBC}") = "USO.Infrastructure", "USO.Infrastructure\USO.Infrastructure.csproj", "{997B79DB-93B2-49F7-98D1-428DBB38D16D}"
EndProject
Project("{FAE04EC0-301F-11D3-BF4B-00C04F79EFBC}") = "USO.Mvc", "USO.Mvc\USO.Mvc.csproj", "{3DBAFD96-9E18-4CDD-9656-8D1BF4C321B0}"
EndProject
Project("{FAE04EC0-301F-11D3-BF4B-00C04F79EFBC}") = "CemeteryManage", "USO.Store\CemeteryManage.csproj", "{8D56D1C3-EA97-4102-8EED-5E74560CA934}"
EndProject
Global
	GlobalSection(TestCaseManagementSettings) = postSolution
		CategoryFile = DbmServer.vsmdi
	EndGlobalSection
	GlobalSection(SolutionConfigurationPlatforms) = preSolution
		Debug|Any CPU = Debug|Any CPU
		Debug|x86 = Debug|x86
		Release|Any CPU = Release|Any CPU
		Release|x86 = Release|x86
		Web-Deploy|Any CPU = Web-Deploy|Any CPU
		Web-Deploy|x86 = Web-Deploy|x86
	EndGlobalSection
	GlobalSection(ProjectConfigurationPlatforms) = postSolution
		{36D776AA-6B96-4D33-B7B5-7F4A5376DD37}.Debug|Any CPU.ActiveCfg = Debug|Any CPU
		{36D776AA-6B96-4D33-B7B5-7F4A5376DD37}.Debug|Any CPU.Build.0 = Debug|Any CPU
		{36D776AA-6B96-4D33-B7B5-7F4A5376DD37}.Debug|x86.ActiveCfg = Debug|x86
		{36D776AA-6B96-4D33-B7B5-7F4A5376DD37}.Debug|x86.Build.0 = Debug|x86
		{36D776AA-6B96-4D33-B7B5-7F4A5376DD37}.Release|Any CPU.ActiveCfg = Release|Any CPU
		{36D776AA-6B96-4D33-B7B5-7F4A5376DD37}.Release|Any CPU.Build.0 = Release|Any CPU
		{36D776AA-6B96-4D33-B7B5-7F4A5376DD37}.Release|x86.ActiveCfg = Release|x86
		{36D776AA-6B96-4D33-B7B5-7F4A5376DD37}.Release|x86.Build.0 = Release|x86
		{36D776AA-6B96-4D33-B7B5-7F4A5376DD37}.Web-Deploy|Any CPU.ActiveCfg = Release|Any CPU
		{36D776AA-6B96-4D33-B7B5-7F4A5376DD37}.Web-Deploy|Any CPU.Build.0 = Release|Any CPU
		{36D776AA-6B96-4D33-B7B5-7F4A5376DD37}.Web-Deploy|x86.ActiveCfg = Release|x86
		{36D776AA-6B96-4D33-B7B5-7F4A5376DD37}.Web-Deploy|x86.Build.0 = Release|x86
		{B7371722-2ECB-4A55-A598-908BF42AF80D}.Debug|Any CPU.ActiveCfg = Debug|Any CPU
		{B7371722-2ECB-4A55-A598-908BF42AF80D}.Debug|Any CPU.Build.0 = Debug|Any CPU
		{B7371722-2ECB-4A55-A598-908BF42AF80D}.Debug|x86.ActiveCfg = Debug|x86
		{B7371722-2ECB-4A55-A598-908BF42AF80D}.Debug|x86.Build.0 = Debug|x86
		{B7371722-2ECB-4A55-A598-908BF42AF80D}.Release|Any CPU.ActiveCfg = Release|Any CPU
		{B7371722-2ECB-4A55-A598-908BF42AF80D}.Release|Any CPU.Build.0 = Release|Any CPU
		{B7371722-2ECB-4A55-A598-908BF42AF80D}.Release|x86.ActiveCfg = Release|x86
		{B7371722-2ECB-4A55-A598-908BF42AF80D}.Release|x86.Build.0 = Release|x86
		{B7371722-2ECB-4A55-A598-908BF42AF80D}.Web-Deploy|Any CPU.ActiveCfg = Release|Any CPU
		{B7371722-2ECB-4A55-A598-908BF42AF80D}.Web-Deploy|Any CPU.Build.0 = Release|Any CPU
		{B7371722-2ECB-4A55-A598-908BF42AF80D}.Web-Deploy|x86.ActiveCfg = Release|x86
		{B7371722-2ECB-4A55-A598-908BF42AF80D}.Web-Deploy|x86.Build.0 = Release|x86
		{00E617BB-63D8-4B6C-8C23-41D9F35C55AE}.Debug|Any CPU.ActiveCfg = Debug|Any CPU
		{00E617BB-63D8-4B6C-8C23-41D9F35C55AE}.Debug|Any CPU.Build.0 = Debug|Any CPU
		{00E617BB-63D8-4B6C-8C23-41D9F35C55AE}.Debug|x86.ActiveCfg = Debug|x86
		{00E617BB-63D8-4B6C-8C23-41D9F35C55AE}.Debug|x86.Build.0 = Debug|x86
		{00E617BB-63D8-4B6C-8C23-41D9F35C55AE}.Release|Any CPU.ActiveCfg = Release|Any CPU
		{00E617BB-63D8-4B6C-8C23-41D9F35C55AE}.Release|Any CPU.Build.0 = Release|Any CPU
		{00E617BB-63D8-4B6C-8C23-41D9F35C55AE}.Release|x86.ActiveCfg = Release|x86
		{00E617BB-63D8-4B6C-8C23-41D9F35C55AE}.Release|x86.Build.0 = Release|x86
		{00E617BB-63D8-4B6C-8C23-41D9F35C55AE}.Web-Deploy|Any CPU.ActiveCfg = Release|Any CPU
		{00E617BB-63D8-4B6C-8C23-41D9F35C55AE}.Web-Deploy|Any CPU.Build.0 = Release|Any CPU
		{00E617BB-63D8-4B6C-8C23-41D9F35C55AE}.Web-Deploy|x86.ActiveCfg = Release|x86
		{00E617BB-63D8-4B6C-8C23-41D9F35C55AE}.Web-Deploy|x86.Build.0 = Release|x86
		{C8D81E91-A01E-4A67-A1A7-FD785901516D}.Debug|Any CPU.ActiveCfg = Debug|Any CPU
		{C8D81E91-A01E-4A67-A1A7-FD785901516D}.Debug|Any CPU.Build.0 = Debug|Any CPU
		{C8D81E91-A01E-4A67-A1A7-FD785901516D}.Debug|x86.ActiveCfg = Debug|x86
		{C8D81E91-A01E-4A67-A1A7-FD785901516D}.Debug|x86.Build.0 = Debug|x86
		{C8D81E91-A01E-4A67-A1A7-FD785901516D}.Release|Any CPU.ActiveCfg = Release|Any CPU
		{C8D81E91-A01E-4A67-A1A7-FD785901516D}.Release|Any CPU.Build.0 = Release|Any CPU
		{C8D81E91-A01E-4A67-A1A7-FD785901516D}.Release|x86.ActiveCfg = Release|x86
		{C8D81E91-A01E-4A67-A1A7-FD785901516D}.Release|x86.Build.0 = Release|x86
		{C8D81E91-A01E-4A67-A1A7-FD785901516D}.Web-Deploy|Any CPU.ActiveCfg = Release|Any CPU
		{C8D81E91-A01E-4A67-A1A7-FD785901516D}.Web-Deploy|Any CPU.Build.0 = Release|Any CPU
		{C8D81E91-A01E-4A67-A1A7-FD785901516D}.Web-Deploy|x86.ActiveCfg = Release|x86
		{C8D81E91-A01E-4A67-A1A7-FD785901516D}.Web-Deploy|x86.Build.0 = Release|x86
		{3D844397-9066-4E61-A1B3-5D3FEE61CB2C}.Debug|Any CPU.ActiveCfg = Debug|Any CPU
		{3D844397-9066-4E61-A1B3-5D3FEE61CB2C}.Debug|Any CPU.Build.0 = Debug|Any CPU
		{3D844397-9066-4E61-A1B3-5D3FEE61CB2C}.Debug|x86.ActiveCfg = Debug|x86
		{3D844397-9066-4E61-A1B3-5D3FEE61CB2C}.Debug|x86.Build.0 = Debug|x86
		{3D844397-9066-4E61-A1B3-5D3FEE61CB2C}.Release|Any CPU.ActiveCfg = Release|Any CPU
		{3D844397-9066-4E61-A1B3-5D3FEE61CB2C}.Release|Any CPU.Build.0 = Release|Any CPU
		{3D844397-9066-4E61-A1B3-5D3FEE61CB2C}.Release|x86.ActiveCfg = Release|x86
		{3D844397-9066-4E61-A1B3-5D3FEE61CB2C}.Release|x86.Build.0 = Release|x86
		{3D844397-9066-4E61-A1B3-5D3FEE61CB2C}.Web-Deploy|Any CPU.ActiveCfg = Release|Any CPU
		{3D844397-9066-4E61-A1B3-5D3FEE61CB2C}.Web-Deploy|Any CPU.Build.0 = Release|Any CPU
		{3D844397-9066-4E61-A1B3-5D3FEE61CB2C}.Web-Deploy|x86.ActiveCfg = Release|x86
		{3D844397-9066-4E61-A1B3-5D3FEE61CB2C}.Web-Deploy|x86.Build.0 = Release|x86
		{997B79DB-93B2-49F7-98D1-428DBB38D16D}.Debug|Any CPU.ActiveCfg = Debug|Any CPU
		{997B79DB-93B2-49F7-98D1-428DBB38D16D}.Debug|Any CPU.Build.0 = Debug|Any CPU
		{997B79DB-93B2-49F7-98D1-428DBB38D16D}.Debug|x86.ActiveCfg = Debug|x86
		{997B79DB-93B2-49F7-98D1-428DBB38D16D}.Debug|x86.Build.0 = Debug|x86
		{997B79DB-93B2-49F7-98D1-428DBB38D16D}.Release|Any CPU.ActiveCfg = Release|Any CPU
		{997B79DB-93B2-49F7-98D1-428DBB38D16D}.Release|Any CPU.Build.0 = Release|Any CPU
		{997B79DB-93B2-49F7-98D1-428DBB38D16D}.Release|x86.ActiveCfg = Release|x86
		{997B79DB-93B2-49F7-98D1-428DBB38D16D}.Release|x86.Build.0 = Release|x86
		{997B79DB-93B2-49F7-98D1-428DBB38D16D}.Web-Deploy|Any CPU.ActiveCfg = Release|Any CPU
		{997B79DB-93B2-49F7-98D1-428DBB38D16D}.Web-Deploy|Any CPU.Build.0 = Release|Any CPU
		{997B79DB-93B2-49F7-98D1-428DBB38D16D}.Web-Deploy|x86.ActiveCfg = Release|x86
		{997B79DB-93B2-49F7-98D1-428DBB38D16D}.Web-Deploy|x86.Build.0 = Release|x86
		{3DBAFD96-9E18-4CDD-9656-8D1BF4C321B0}.Debug|Any CPU.ActiveCfg = Debug|Any CPU
		{3DBAFD96-9E18-4CDD-9656-8D1BF4C321B0}.Debug|Any CPU.Build.0 = Debug|Any CPU
		{3DBAFD96-9E18-4CDD-9656-8D1BF4C321B0}.Debug|x86.ActiveCfg = Debug|x86
		{3DBAFD96-9E18-4CDD-9656-8D1BF4C321B0}.Debug|x86.Build.0 = Debug|x86
		{3DBAFD96-9E18-4CDD-9656-8D1BF4C321B0}.Release|Any CPU.ActiveCfg = Release|Any CPU
		{3DBAFD96-9E18-4CDD-9656-8D1BF4C321B0}.Release|Any CPU.Build.0 = Release|Any CPU
		{3DBAFD96-9E18-4CDD-9656-8D1BF4C321B0}.Release|x86.ActiveCfg = Release|x86
		{3DBAFD96-9E18-4CDD-9656-8D1BF4C321B0}.Release|x86.Build.0 = Release|x86
		{3DBAFD96-9E18-4CDD-9656-8D1BF4C321B0}.Web-Deploy|Any CPU.ActiveCfg = Release|Any CPU
		{3DBAFD96-9E18-4CDD-9656-8D1BF4C321B0}.Web-Deploy|Any CPU.Build.0 = Release|Any CPU
		{3DBAFD96-9E18-4CDD-9656-8D1BF4C321B0}.Web-Deploy|x86.ActiveCfg = Release|x86
		{3DBAFD96-9E18-4CDD-9656-8D1BF4C321B0}.Web-Deploy|x86.Build.0 = Release|x86
		{8D56D1C3-EA97-4102-8EED-5E74560CA934}.Debug|Any CPU.ActiveCfg = Debug|Any CPU
		{8D56D1C3-EA97-4102-8EED-5E74560CA934}.Debug|Any CPU.Build.0 = Debug|Any CPU
		{8D56D1C3-EA97-4102-8EED-5E74560CA934}.Debug|x86.ActiveCfg = Debug|x86
		{8D56D1C3-EA97-4102-8EED-5E74560CA934}.Debug|x86.Build.0 = Debug|x86
		{8D56D1C3-EA97-4102-8EED-5E74560CA934}.Release|Any CPU.ActiveCfg = Release|Any CPU
		{8D56D1C3-EA97-4102-8EED-5E74560CA934}.Release|Any CPU.Build.0 = Release|Any CPU
		{8D56D1C3-EA97-4102-8EED-5E74560CA934}.Release|x86.ActiveCfg = Release|x86
		{8D56D1C3-EA97-4102-8EED-5E74560CA934}.Release|x86.Build.0 = Release|x86
		{8D56D1C3-EA97-4102-8EED-5E74560CA934}.Web-Deploy|Any CPU.ActiveCfg = Release|Any CPU
		{8D56D1C3-EA97-4102-8EED-5E74560CA934}.Web-Deploy|Any CPU.Build.0 = Release|Any CPU
		{8D56D1C3-EA97-4102-8EED-5E74560CA934}.Web-Deploy|x86.ActiveCfg = Release|x86
		{8D56D1C3-EA97-4102-8EED-5E74560CA934}.Web-Deploy|x86.Build.0 = Release|x86
	EndGlobalSection
	GlobalSection(SolutionProperties) = preSolution
		HideSolutionNode = FALSE
	EndGlobalSection
	GlobalSection(NestedProjects) = preSolution
		{36D776AA-6B96-4D33-B7B5-7F4A5376DD37} = {49678BD9-5D80-4CA7-A366-47B96EAE5383}
		{B7371722-2ECB-4A55-A598-908BF42AF80D} = {49678BD9-5D80-4CA7-A366-47B96EAE5383}
		{00E617BB-63D8-4B6C-8C23-41D9F35C55AE} = {F41388EC-AC6B-41B3-92C6-BE0E543B4A40}
		{C8D81E91-A01E-4A67-A1A7-FD785901516D} = {F41388EC-AC6B-41B3-92C6-BE0E543B4A40}
		{3D844397-9066-4E61-A1B3-5D3FEE61CB2C} = {F41388EC-AC6B-41B3-92C6-BE0E543B4A40}
		{997B79DB-93B2-49F7-98D1-428DBB38D16D} = {F41388EC-AC6B-41B3-92C6-BE0E543B4A40}
		{3DBAFD96-9E18-4CDD-9656-8D1BF4C321B0} = {89E35167-03E5-4719-8D92-067B2E04CAAE}
		{8D56D1C3-EA97-4102-8EED-5E74560CA934} = {89E35167-03E5-4719-8D92-067B2E04CAAE}
	EndGlobalSection
EndGlobal
